dependencies:
- name: postgresql
  repository: https://charts.bitnami.com/bitnami
  version: 12.1.9
- name: grafana
  repository: https://grafana.github.io/helm-charts
  version: 6.50.0
- name: grafana-agent
  repository: https://grafana.github.io/helm-charts
  version: 0.4.0
- name: loki
  repository: https://grafana.github.io/helm-charts
  version: 4.4.2
digest: sha256:ae7099c24accad5d6120c2848c703b0eb24025ccc42577d812ab48b08c2e85c7
generated: "2023-02-05T18:40:28.942937+03:00"
