dependencies:
- name: postgresql
  repository: https://charts.bitnami.com/bitnami
  version: 12.6.6
- name: grafana
  repository: https://grafana.github.io/helm-charts
  version: 6.58.3
- name: grafana-agent
  repository: https://grafana.github.io/helm-charts
  version: 0.16.0
- name: loki
  repository: https://grafana.github.io/helm-charts
  version: 5.8.9
digest: sha256:fd172b587e83e01ac86b24029fb7edfeb64afc101f3aede8921f7a5226dabec1
generated: "2023-07-15T18:40:42.020533+03:00"
